
Microsoft Visual Studio Solution File, Format Version 12.00
# Visual Studio Version 17
VisualStudioVersion = 17.11.35219.272
MinimumVisualStudioVersion = 10.0.40219.1
Project("{FAE04EC0-301F-11D3-BF4B-00C04F79EFBC}") = "TelementryPortal_MVC", "TelementryPortal_MVC.csproj", "{76167EA1-F8EF-4F73-BF38-BF92F7D16545}"
EndProject
Global
	GlobalSection(SolutionConfigurationPlatforms) = preSolution
		Debug|Any CPU = Debug|Any CPU
		Release|Any CPU = Release|Any CPU
	EndGlobalSection
	GlobalSection(ProjectConfigurationPlatforms) = postSolution
		{76167EA1-F8EF-4F73-BF38-BF92F7D16545}.Debug|Any CPU.ActiveCfg = Debug|Any CPU
		{76167EA1-F8EF-4F73-BF38-BF92F7D16545}.Debug|Any CPU.Build.0 = Debug|Any CPU
		{76167EA1-F8EF-4F73-BF38-BF92F7D16545}.Release|Any CPU.ActiveCfg = Release|Any CPU
		{76167EA1-F8EF-4F73-BF38-BF92F7D16545}.Release|Any CPU.Build.0 = Release|Any CPU
	EndGlobalSection
	GlobalSection(SolutionProperties) = preSolution
		HideSolutionNode = FALSE
	EndGlobalSection
	GlobalSection(ExtensibilityGlobals) = postSolution
		SolutionGuid = {D72B6330-A911-44B0-B0B9-9EAC3CB769AF}
	EndGlobalSection
EndGlobal
